
Microsoft Visual Studio Solution File, Format Version 12.00
# Visual Studio Version 17
VisualStudioVersion = 17.5.33516.290
MinimumVisualStudioVersion = 10.0.40219.1
Project("{FAE04EC0-301F-11D3-BF4B-00C04F79EFBC}") = "bs1", "bs1\bs1.csproj", "{10AD8B29-2A49-49BD-BA39-797251DC04EE}"
EndProject
Global
	GlobalSection(SolutionConfigurationPlatforms) = preSolution
		Debug|Any CPU = Debug|Any CPU
		Release|Any CPU = Release|Any CPU
	EndGlobalSection
	GlobalSection(ProjectConfigurationPlatforms) = postSolution
		{10AD8B29-2A49-49BD-BA39-797251DC04EE}.Debug|Any CPU.ActiveCfg = Debug|Any CPU
		{10AD8B29-2A49-49BD-BA39-797251DC04EE}.Debug|Any CPU.Build.0 = Debug|Any CPU
		{10AD8B29-2A49-49BD-BA39-797251DC04EE}.Release|Any CPU.ActiveCfg = Release|Any CPU
		{10AD8B29-2A49-49BD-BA39-797251DC04EE}.Release|Any CPU.Build.0 = Release|Any CPU
	EndGlobalSection
	GlobalSection(SolutionProperties) = preSolution
		HideSolutionNode = FALSE
	EndGlobalSection
	GlobalSection(ExtensibilityGlobals) = postSolution
		SolutionGuid = {D0092151-536A-488E-88F5-8F532722229B}
	EndGlobalSection
EndGlobal
